
Microsoft Visual Studio Solution File, Format Version 12.00
# Visual Studio Version 17
VisualStudioVersion = 17.6.33723.286
MinimumVisualStudioVersion = 10.0.40219.1
Project("{9A19103F-16F7-4668-BE54-9A1E7A4F7556}") = "BookBorrowSystemApi", "BookBorrowSystemApi\BookBorrowSystemApi.csproj", "{3811DA96-5C2D-4703-9607-DDF305AC2DB4}"
EndProject
Project("{FAE04EC0-301F-11D3-BF4B-00C04F79EFBC}") = "BookBorrowBLL", "BookBorrowBLL\BookBorrowBLL.csproj", "{69B9B0F0-EAC1-4154-9ADE-8A6DD08C9745}"
EndProject
Project("{FAE04EC0-301F-11D3-BF4B-00C04F79EFBC}") = "BookBorrowDLL", "BookBorrowDLL\BookBorrowDLL.csproj", "{CC8CB775-74C1-410A-8F7F-EF7376DD3126}"
EndProject
Global
	GlobalSection(SolutionConfigurationPlatforms) = preSolution
		Debug|Any CPU = Debug|Any CPU
		Release|Any CPU = Release|Any CPU
	EndGlobalSection
	GlobalSection(ProjectConfigurationPlatforms) = postSolution
		{3811DA96-5C2D-4703-9607-DDF305AC2DB4}.Debug|Any CPU.ActiveCfg = Debug|Any CPU
		{3811DA96-5C2D-4703-9607-DDF305AC2DB4}.Debug|Any CPU.Build.0 = Debug|Any CPU
		{3811DA96-5C2D-4703-9607-DDF305AC2DB4}.Release|Any CPU.ActiveCfg = Release|Any CPU
		{3811DA96-5C2D-4703-9607-DDF305AC2DB4}.Release|Any CPU.Build.0 = Release|Any CPU
		{69B9B0F0-EAC1-4154-9ADE-8A6DD08C9745}.Debug|Any CPU.ActiveCfg = Debug|Any CPU
		{69B9B0F0-EAC1-4154-9ADE-8A6DD08C9745}.Debug|Any CPU.Build.0 = Debug|Any CPU
		{69B9B0F0-EAC1-4154-9ADE-8A6DD08C9745}.Release|Any CPU.ActiveCfg = Release|Any CPU
		{69B9B0F0-EAC1-4154-9ADE-8A6DD08C9745}.Release|Any CPU.Build.0 = Release|Any CPU
		{CC8CB775-74C1-410A-8F7F-EF7376DD3126}.Debug|Any CPU.ActiveCfg = Debug|Any CPU
		{CC8CB775-74C1-410A-8F7F-EF7376DD3126}.Debug|Any CPU.Build.0 = Debug|Any CPU
		{CC8CB775-74C1-410A-8F7F-EF7376DD3126}.Release|Any CPU.ActiveCfg = Release|Any CPU
		{CC8CB775-74C1-410A-8F7F-EF7376DD3126}.Release|Any CPU.Build.0 = Release|Any CPU
	EndGlobalSection
	GlobalSection(SolutionProperties) = preSolution
		HideSolutionNode = FALSE
	EndGlobalSection
	GlobalSection(ExtensibilityGlobals) = postSolution
		SolutionGuid = {1FAC02D4-3F58-4378-AB64-00321746E980}
	EndGlobalSection
EndGlobal
